// !$*UTF8*$!
{
	archiveVersion = 1;
	classes = {
	};
	objectVersion = 56;
	objects = {

/* Begin PBXBuildFile section */
		9D18A4CC29D4CB3C003998DD /* AppDelegate.swift in Sources */ = {isa = PBXBuildFile; fileRef = 9D18A4CB29D4CB3C003998DD /* AppDelegate.swift */; };
		9D18A4CE29D4CB3C003998DD /* SceneDelegate.swift in Sources */ = {isa = PBXBuildFile; fileRef = 9D18A4CD29D4CB3C003998DD /* SceneDelegate.swift */; };
		9D18A4D029D4CB3C003998DD /* TimetableViewController.swift in Sources */ = {isa = PBXBuildFile; fileRef = 9D18A4CF29D4CB3C003998DD /* TimetableViewController.swift */; };
		9D18A4D529D4CB3D003998DD /* Assets.xcassets in Resources */ = {isa = PBXBuildFile; fileRef = 9D18A4D429D4CB3D003998DD /* Assets.xcassets */; };
		9D18A4D829D4CB3D003998DD /* LaunchScreen.storyboard in Resources */ = {isa = PBXBuildFile; fileRef = 9D18A4D629D4CB3D003998DD /* LaunchScreen.storyboard */; };
		9D18A4E729D4D286003998DD /* SnapKit in Frameworks */ = {isa = PBXBuildFile; productRef = 9D18A4E629D4D286003998DD /* SnapKit */; };
		9DA94F7229D612E60095D94B /* TabBarController.swift in Sources */ = {isa = PBXBuildFile; fileRef = 9DA94F7129D612E60095D94B /* TabBarController.swift */; };
		9DA94F7929D619020095D94B /* ProfileViewController.swift in Sources */ = {isa = PBXBuildFile; fileRef = 9DA94F7829D619020095D94B /* ProfileViewController.swift */; };
		9DD4AD7929E49B73002AA212 /* Module.swift in Sources */ = {isa = PBXBuildFile; fileRef = 9DD4AD7829E49B73002AA212 /* Module.swift */; };
		9DD4AD7D29E4AA4B002AA212 /* AppFactory.swift in Sources */ = {isa = PBXBuildFile; fileRef = 9DD4AD7C29E4AA4B002AA212 /* AppFactory.swift */; };
		9DD4AD7F29E4B0BD002AA212 /* ProfileView.swift in Sources */ = {isa = PBXBuildFile; fileRef = 9DD4AD7E29E4B0BD002AA212 /* ProfileView.swift */; };
		9DD4AD8129E4B119002AA212 /* ProfileViewModel.swift in Sources */ = {isa = PBXBuildFile; fileRef = 9DD4AD8029E4B119002AA212 /* ProfileViewModel.swift */; };
		9DD4AD8329E4B2A0002AA212 /* AppCoordinator.swift in Sources */ = {isa = PBXBuildFile; fileRef = 9DD4AD8229E4B2A0002AA212 /* AppCoordinator.swift */; };
		9DD4AD8529E4B2D1002AA212 /* TimetableView.swift in Sources */ = {isa = PBXBuildFile; fileRef = 9DD4AD8429E4B2D1002AA212 /* TimetableView.swift */; };
		9DD4AD8729E4B2DC002AA212 /* TimetableViewModel.swift in Sources */ = {isa = PBXBuildFile; fileRef = 9DD4AD8629E4B2DC002AA212 /* TimetableViewModel.swift */; };
		9DD4AD8929E6DB95002AA212 /* Coordinatable.swift in Sources */ = {isa = PBXBuildFile; fileRef = 9DD4AD8829E6DB95002AA212 /* Coordinatable.swift */; };
		9DD4AD8B29E6E808002AA212 /* ProfileCoordinator.swift in Sources */ = {isa = PBXBuildFile; fileRef = 9DD4AD8A29E6E808002AA212 /* ProfileCoordinator.swift */; };
		9DD4AD8D29E6E849002AA212 /* TimetableCoordinator.swift in Sources */ = {isa = PBXBuildFile; fileRef = 9DD4AD8C29E6E849002AA212 /* TimetableCoordinator.swift */; };
/* End PBXBuildFile section */

/* Begin PBXFileReference section */
		9D18A4C829D4CB3C003998DD /* thefitmoment.app */ = {isa = PBXFileReference; explicitFileType = wrapper.application; includeInIndex = 0; path = thefitmoment.app; sourceTree = BUILT_PRODUCTS_DIR; };
		9D18A4CB29D4CB3C003998DD /* AppDelegate.swift */ = {isa = PBXFileReference; lastKnownFileType = sourcecode.swift; path = AppDelegate.swift; sourceTree = "<group>"; };
		9D18A4CD29D4CB3C003998DD /* SceneDelegate.swift */ = {isa = PBXFileReference; lastKnownFileType = sourcecode.swift; path = SceneDelegate.swift; sourceTree = "<group>"; };
		9D18A4CF29D4CB3C003998DD /* TimetableViewController.swift */ = {isa = PBXFileReference; lastKnownFileType = sourcecode.swift; path = TimetableViewController.swift; sourceTree = "<group>"; };
		9D18A4D429D4CB3D003998DD /* Assets.xcassets */ = {isa = PBXFileReference; lastKnownFileType = folder.assetcatalog; path = Assets.xcassets; sourceTree = "<group>"; };
		9D18A4D729D4CB3D003998DD /* Base */ = {isa = PBXFileReference; lastKnownFileType = file.storyboard; name = Base; path = Base.lproj/LaunchScreen.storyboard; sourceTree = "<group>"; };
		9D18A4D929D4CB3D003998DD /* Info.plist */ = {isa = PBXFileReference; lastKnownFileType = text.plist.xml; path = Info.plist; sourceTree = "<group>"; };
		9DA94F7129D612E60095D94B /* TabBarController.swift */ = {isa = PBXFileReference; lastKnownFileType = sourcecode.swift; path = TabBarController.swift; sourceTree = "<group>"; };
		9DA94F7829D619020095D94B /* ProfileViewController.swift */ = {isa = PBXFileReference; lastKnownFileType = sourcecode.swift; path = ProfileViewController.swift; sourceTree = "<group>"; };
		9DD4AD7829E49B73002AA212 /* Module.swift */ = {isa = PBXFileReference; lastKnownFileType = sourcecode.swift; path = Module.swift; sourceTree = "<group>"; };
		9DD4AD7C29E4AA4B002AA212 /* AppFactory.swift */ = {isa = PBXFileReference; lastKnownFileType = sourcecode.swift; path = AppFactory.swift; sourceTree = "<group>"; };
		9DD4AD7E29E4B0BD002AA212 /* ProfileView.swift */ = {isa = PBXFileReference; lastKnownFileType = sourcecode.swift; path = ProfileView.swift; sourceTree = "<group>"; };
		9DD4AD8029E4B119002AA212 /* ProfileViewModel.swift */ = {isa = PBXFileReference; lastKnownFileType = sourcecode.swift; path = ProfileViewModel.swift; sourceTree = "<group>"; };
		9DD4AD8229E4B2A0002AA212 /* AppCoordinator.swift */ = {isa = PBXFileReference; lastKnownFileType = sourcecode.swift; path = AppCoordinator.swift; sourceTree = "<group>"; };
		9DD4AD8429E4B2D1002AA212 /* TimetableView.swift */ = {isa = PBXFileReference; lastKnownFileType = sourcecode.swift; path = TimetableView.swift; sourceTree = "<group>"; };
		9DD4AD8629E4B2DC002AA212 /* TimetableViewModel.swift */ = {isa = PBXFileReference; lastKnownFileType = sourcecode.swift; path = TimetableViewModel.swift; sourceTree = "<group>"; };
		9DD4AD8829E6DB95002AA212 /* Coordinatable.swift */ = {isa = PBXFileReference; lastKnownFileType = sourcecode.swift; path = Coordinatable.swift; sourceTree = "<group>"; };
		9DD4AD8A29E6E808002AA212 /* ProfileCoordinator.swift */ = {isa = PBXFileReference; lastKnownFileType = sourcecode.swift; path = ProfileCoordinator.swift; sourceTree = "<group>"; };
		9DD4AD8C29E6E849002AA212 /* TimetableCoordinator.swift */ = {isa = PBXFileReference; lastKnownFileType = sourcecode.swift; path = TimetableCoordinator.swift; sourceTree = "<group>"; };
/* End PBXFileReference section */

/* Begin PBXFrameworksBuildPhase section */
		9D18A4C529D4CB3C003998DD /* Frameworks */ = {
			isa = PBXFrameworksBuildPhase;
			buildActionMask = 2147483647;
			files = (
				9D18A4E729D4D286003998DD /* SnapKit in Frameworks */,
			);
			runOnlyForDeploymentPostprocessing = 0;
		};
/* End PBXFrameworksBuildPhase section */

/* Begin PBXGroup section */
		9D18A4BF29D4CB3C003998DD = {
			isa = PBXGroup;
			children = (
				9D18A4CA29D4CB3C003998DD /* thefitmoment */,
				9D18A4C929D4CB3C003998DD /* Products */,
			);
			sourceTree = "<group>";
		};
		9D18A4C929D4CB3C003998DD /* Products */ = {
			isa = PBXGroup;
			children = (
				9D18A4C829D4CB3C003998DD /* thefitmoment.app */,
			);
			name = Products;
			sourceTree = "<group>";
		};
		9D18A4CA29D4CB3C003998DD /* thefitmoment */ = {
			isa = PBXGroup;
			children = (
				9D18A4E429D4D09F003998DD /* App */,
				9DD4AD7A29E4A9C4002AA212 /* Coordinators */,
				9DD4AD7B29E4AA34002AA212 /* Factory */,
				9DA94F7A29D61DF80095D94B /* TabBar */,
				9DA94F7529D617730095D94B /* Modules */,
				9D18A4D429D4CB3D003998DD /* Assets.xcassets */,
				9D18A4D629D4CB3D003998DD /* LaunchScreen.storyboard */,
				9D18A4D929D4CB3D003998DD /* Info.plist */,
			);
			path = thefitmoment;
			sourceTree = "<group>";
		};
		9D18A4E429D4D09F003998DD /* App */ = {
			isa = PBXGroup;
			children = (
				9D18A4CB29D4CB3C003998DD /* AppDelegate.swift */,
				9D18A4CD29D4CB3C003998DD /* SceneDelegate.swift */,
			);
			path = App;
			sourceTree = "<group>";
		};
		9DA94F7329D617570095D94B /* Profile */ = {
			isa = PBXGroup;
			children = (
				9DD4AD8E29E7439D002AA212 /* Model */,
				9DD4AD7E29E4B0BD002AA212 /* ProfileView.swift */,
				9DD4AD8029E4B119002AA212 /* ProfileViewModel.swift */,
				9DA94F7829D619020095D94B /* ProfileViewController.swift */,
			);
			path = Profile;
			sourceTree = "<group>";
		};
		9DA94F7429D617660095D94B /* Timetable */ = {
			isa = PBXGroup;
			children = (
				9DD4AD8429E4B2D1002AA212 /* TimetableView.swift */,
				9DD4AD8629E4B2DC002AA212 /* TimetableViewModel.swift */,
				9D18A4CF29D4CB3C003998DD /* TimetableViewController.swift */,
			);
			path = Timetable;
			sourceTree = "<group>";
		};
		9DA94F7529D617730095D94B /* Modules */ = {
			isa = PBXGroup;
			children = (
				9DA94F7329D617570095D94B /* Profile */,
				9DA94F7429D617660095D94B /* Timetable */,
				9DD4AD7829E49B73002AA212 /* Module.swift */,
			);
			path = Modules;
			sourceTree = "<group>";
		};
		9DA94F7A29D61DF80095D94B /* TabBar */ = {
			isa = PBXGroup;
			children = (
				9DA94F7129D612E60095D94B /* TabBarController.swift */,
			);
			path = TabBar;
			sourceTree = "<group>";
		};
		9DD4AD7A29E4A9C4002AA212 /* Coordinators */ = {
			isa = PBXGroup;
			children = (
				9DD4AD8229E4B2A0002AA212 /* AppCoordinator.swift */,
				9DD4AD8829E6DB95002AA212 /* Coordinatable.swift */,
				9DD4AD8A29E6E808002AA212 /* ProfileCoordinator.swift */,
				9DD4AD8C29E6E849002AA212 /* TimetableCoordinator.swift */,
			);
			path = Coordinators;
			sourceTree = "<group>";
		};
		9DD4AD7B29E4AA34002AA212 /* Factory */ = {
			isa = PBXGroup;
			children = (
				9DD4AD7C29E4AA4B002AA212 /* AppFactory.swift */,
			);
			path = Factory;
			sourceTree = "<group>";
		};
		9DD4AD8E29E7439D002AA212 /* Model */ = {
			isa = PBXGroup;
			children = (
			);
			path = Model;
			sourceTree = "<group>";
		};
/* End PBXGroup section */

/* Begin PBXNativeTarget section */
		9D18A4C729D4CB3C003998DD /* thefitmoment */ = {
			isa = PBXNativeTarget;
			buildConfigurationList = 9D18A4DC29D4CB3D003998DD /* Build configuration list for PBXNativeTarget "thefitmoment" */;
			buildPhases = (
				9D18A4C429D4CB3C003998DD /* Sources */,
				9D18A4C529D4CB3C003998DD /* Frameworks */,
				9D18A4C629D4CB3C003998DD /* Resources */,
			);
			buildRules = (
			);
			dependencies = (
			);
			name = thefitmoment;
			packageProductDependencies = (
				9D18A4E629D4D286003998DD /* SnapKit */,
			);
			productName = thefitmoment;
			productReference = 9D18A4C829D4CB3C003998DD /* thefitmoment.app */;
			productType = "com.apple.product-type.application";
		};
/* End PBXNativeTarget section */

/* Begin PBXProject section */
		9D18A4C029D4CB3C003998DD /* Project object */ = {
			isa = PBXProject;
			attributes = {
				BuildIndependentTargetsInParallel = 1;
				LastSwiftUpdateCheck = 1420;
				LastUpgradeCheck = 1420;
				TargetAttributes = {
					9D18A4C729D4CB3C003998DD = {
						CreatedOnToolsVersion = 14.2;
					};
				};
			};
			buildConfigurationList = 9D18A4C329D4CB3C003998DD /* Build configuration list for PBXProject "thefitmoment" */;
			compatibilityVersion = "Xcode 14.0";
			developmentRegion = en;
			hasScannedForEncodings = 0;
			knownRegions = (
				en,
				Base,
			);
			mainGroup = 9D18A4BF29D4CB3C003998DD;
			packageReferences = (
				9D18A4E529D4D286003998DD /* XCRemoteSwiftPackageReference "SnapKit" */,
			);
			productRefGroup = 9D18A4C929D4CB3C003998DD /* Products */;
			projectDirPath = "";
			projectRoot = "";
			targets = (
				9D18A4C729D4CB3C003998DD /* thefitmoment */,
			);
		};
/* End PBXProject section */

/* Begin PBXResourcesBuildPhase section */
		9D18A4C629D4CB3C003998DD /* Resources */ = {
			isa = PBXResourcesBuildPhase;
			buildActionMask = 2147483647;
			files = (
				9D18A4D829D4CB3D003998DD /* LaunchScreen.storyboard in Resources */,
				9D18A4D529D4CB3D003998DD /* Assets.xcassets in Resources */,
			);
			runOnlyForDeploymentPostprocessing = 0;
		};
/* End PBXResourcesBuildPhase section */

/* Begin PBXSourcesBuildPhase section */
		9D18A4C429D4CB3C003998DD /* Sources */ = {
			isa = PBXSourcesBuildPhase;
			buildActionMask = 2147483647;
			files = (
				9DD4AD7F29E4B0BD002AA212 /* ProfileView.swift in Sources */,
				9DD4AD8529E4B2D1002AA212 /* TimetableView.swift in Sources */,
				9D18A4D029D4CB3C003998DD /* TimetableViewController.swift in Sources */,
				9DD4AD8329E4B2A0002AA212 /* AppCoordinator.swift in Sources */,
				9DA94F7229D612E60095D94B /* TabBarController.swift in Sources */,
				9DD4AD8129E4B119002AA212 /* ProfileViewModel.swift in Sources */,
				9DA94F7929D619020095D94B /* ProfileViewController.swift in Sources */,
				9DD4AD8929E6DB95002AA212 /* Coordinatable.swift in Sources */,
				9DD4AD8B29E6E808002AA212 /* ProfileCoordinator.swift in Sources */,
				9D18A4CC29D4CB3C003998DD /* AppDelegate.swift in Sources */,
				9D18A4CE29D4CB3C003998DD /* SceneDelegate.swift in Sources */,
				9DD4AD7929E49B73002AA212 /* Module.swift in Sources */,
				9DD4AD8D29E6E849002AA212 /* TimetableCoordinator.swift in Sources */,
				9DD4AD8729E4B2DC002AA212 /* TimetableViewModel.swift in Sources */,
				9DD4AD7D29E4AA4B002AA212 /* AppFactory.swift in Sources */,
			);
			runOnlyForDeploymentPostprocessing = 0;
		};
/* End PBXSourcesBuildPhase section */

/* Begin PBXVariantGroup section */
		9D18A4D629D4CB3D003998DD /* LaunchScreen.storyboard */ = {
			isa = PBXVariantGroup;
			children = (
				9D18A4D729D4CB3D003998DD /* Base */,
			);
			name = LaunchScreen.storyboard;
			sourceTree = "<group>";
		};
/* End PBXVariantGroup section */

/* Begin XCBuildConfiguration section */
		9D18A4DA29D4CB3D003998DD /* Debug */ = {
			isa = XCBuildConfiguration;
			buildSettings = {
				ALWAYS_SEARCH_USER_PATHS = NO;
				CLANG_ANALYZER_NONNULL = YES;
				CLANG_ANALYZER_NUMBER_OBJECT_CONVERSION = YES_AGGRESSIVE;
				CLANG_CXX_LANGUAGE_STANDARD = "gnu++20";
				CLANG_ENABLE_MODULES = YES;
				CLANG_ENABLE_OBJC_ARC = YES;
				CLANG_ENABLE_OBJC_WEAK = YES;
				CLANG_WARN_BLOCK_CAPTURE_AUTORELEASING = YES;
				CLANG_WARN_BOOL_CONVERSION = YES;
				CLANG_WARN_COMMA = YES;
				CLANG_WARN_CONSTANT_CONVERSION = YES;
				CLANG_WARN_DEPRECATED_OBJC_IMPLEMENTATIONS = YES;
				CLANG_WARN_DIRECT_OBJC_ISA_USAGE = YES_ERROR;
				CLANG_WARN_DOCUMENTATION_COMMENTS = YES;
				CLANG_WARN_EMPTY_BODY = YES;
				CLANG_WARN_ENUM_CONVERSION = YES;
				CLANG_WARN_INFINITE_RECURSION = YES;
				CLANG_WARN_INT_CONVERSION = YES;
				CLANG_WARN_NON_LITERAL_NULL_CONVERSION = YES;
				CLANG_WARN_OBJC_IMPLICIT_RETAIN_SELF = YES;
				CLANG_WARN_OBJC_LITERAL_CONVERSION = YES;
				CLANG_WARN_OBJC_ROOT_CLASS = YES_ERROR;
				CLANG_WARN_QUOTED_INCLUDE_IN_FRAMEWORK_HEADER = YES;
				CLANG_WARN_RANGE_LOOP_ANALYSIS = YES;
				CLANG_WARN_STRICT_PROTOTYPES = YES;
				CLANG_WARN_SUSPICIOUS_MOVE = YES;
				CLANG_WARN_UNGUARDED_AVAILABILITY = YES_AGGRESSIVE;
				CLANG_WARN_UNREACHABLE_CODE = YES;
				CLANG_WARN__DUPLICATE_METHOD_MATCH = YES;
				COPY_PHASE_STRIP = NO;
				DEBUG_INFORMATION_FORMAT = dwarf;
				ENABLE_STRICT_OBJC_MSGSEND = YES;
				ENABLE_TESTABILITY = YES;
				GCC_C_LANGUAGE_STANDARD = gnu11;
				GCC_DYNAMIC_NO_PIC = NO;
				GCC_NO_COMMON_BLOCKS = YES;
				GCC_OPTIMIZATION_LEVEL = 0;
				GCC_PREPROCESSOR_DEFINITIONS = (
					"DEBUG=1",
					"$(inherited)",
				);
				GCC_WARN_64_TO_32_BIT_CONVERSION = YES;
				GCC_WARN_ABOUT_RETURN_TYPE = YES_ERROR;
				GCC_WARN_UNDECLARED_SELECTOR = YES;
				GCC_WARN_UNINITIALIZED_AUTOS = YES_AGGRESSIVE;
				GCC_WARN_UNUSED_FUNCTION = YES;
				GCC_WARN_UNUSED_VARIABLE = YES;
				IPHONEOS_DEPLOYMENT_TARGET = 13.0;
				MTL_ENABLE_DEBUG_INFO = INCLUDE_SOURCE;
				MTL_FAST_MATH = YES;
				ONLY_ACTIVE_ARCH = YES;
				SDKROOT = iphoneos;
				SWIFT_ACTIVE_COMPILATION_CONDITIONS = DEBUG;
				SWIFT_OPTIMIZATION_LEVEL = "-Onone";
			};
			name = Debug;
		};
		9D18A4DB29D4CB3D003998DD /* Release */ = {
			isa = XCBuildConfiguration;
			buildSettings = {
				ALWAYS_SEARCH_USER_PATHS = NO;
				CLANG_ANALYZER_NONNULL = YES;
				CLANG_ANALYZER_NUMBER_OBJECT_CONVERSION = YES_AGGRESSIVE;
				CLANG_CXX_LANGUAGE_STANDARD = "gnu++20";
				CLANG_ENABLE_MODULES = YES;
				CLANG_ENABLE_OBJC_ARC = YES;
				CLANG_ENABLE_OBJC_WEAK = YES;
				CLANG_WARN_BLOCK_CAPTURE_AUTORELEASING = YES;
				CLANG_WARN_BOOL_CONVERSION = YES;
				CLANG_WARN_COMMA = YES;
				CLANG_WARN_CONSTANT_CONVERSION = YES;
				CLANG_WARN_DEPRECATED_OBJC_IMPLEMENTATIONS = YES;
				CLANG_WARN_DIRECT_OBJC_ISA_USAGE = YES_ERROR;
				CLANG_WARN_DOCUMENTATION_COMMENTS = YES;
				CLANG_WARN_EMPTY_BODY = YES;
				CLANG_WARN_ENUM_CONVERSION = YES;
				CLANG_WARN_INFINITE_RECURSION = YES;
				CLANG_WARN_INT_CONVERSION = YES;
				CLANG_WARN_NON_LITERAL_NULL_CONVERSION = YES;
				CLANG_WARN_OBJC_IMPLICIT_RETAIN_SELF = YES;
				CLANG_WARN_OBJC_LITERAL_CONVERSION = YES;
				CLANG_WARN_OBJC_ROOT_CLASS = YES_ERROR;
				CLANG_WARN_QUOTED_INCLUDE_IN_FRAMEWORK_HEADER = YES;
				CLANG_WARN_RANGE_LOOP_ANALYSIS = YES;
				CLANG_WARN_STRICT_PROTOTYPES = YES;
				CLANG_WARN_SUSPICIOUS_MOVE = YES;
				CLANG_WARN_UNGUARDED_AVAILABILITY = YES_AGGRESSIVE;
				CLANG_WARN_UNREACHABLE_CODE = YES;
				CLANG_WARN__DUPLICATE_METHOD_MATCH = YES;
				COPY_PHASE_STRIP = NO;
				DEBUG_INFORMATION_FORMAT = "dwarf-with-dsym";
				ENABLE_NS_ASSERTIONS = NO;
				ENABLE_STRICT_OBJC_MSGSEND = YES;
				GCC_C_LANGUAGE_STANDARD = gnu11;
				GCC_NO_COMMON_BLOCKS = YES;
				GCC_WARN_64_TO_32_BIT_CONVERSION = YES;
				GCC_WARN_ABOUT_RETURN_TYPE = YES_ERROR;
				GCC_WARN_UNDECLARED_SELECTOR = YES;
				GCC_WARN_UNINITIALIZED_AUTOS = YES_AGGRESSIVE;
				GCC_WARN_UNUSED_FUNCTION = YES;
				GCC_WARN_UNUSED_VARIABLE = YES;
				IPHONEOS_DEPLOYMENT_TARGET = 13.0;
				MTL_ENABLE_DEBUG_INFO = NO;
				MTL_FAST_MATH = YES;
				SDKROOT = iphoneos;
				SWIFT_COMPILATION_MODE = wholemodule;
				SWIFT_OPTIMIZATION_LEVEL = "-O";
				VALIDATE_PRODUCT = YES;
			};
			name = Release;
		};
		9D18A4DD29D4CB3D003998DD /* Debug */ = {
			isa = XCBuildConfiguration;
			buildSettings = {
				ASSETCATALOG_COMPILER_APPICON_NAME = AppIcon;
				ASSETCATALOG_COMPILER_GLOBAL_ACCENT_COLOR_NAME = AccentColor;
				CODE_SIGN_STYLE = Automatic;
				CURRENT_PROJECT_VERSION = 1;
				GENERATE_INFOPLIST_FILE = YES;
				INFOPLIST_FILE = thefitmoment/Info.plist;
				INFOPLIST_KEY_CFBundleDisplayName = "The FIT moment";
				INFOPLIST_KEY_LSApplicationCategoryType = "public.app-category.sports";
				INFOPLIST_KEY_UIApplicationSupportsIndirectInputEvents = YES;
				INFOPLIST_KEY_UILaunchStoryboardName = LaunchScreen;
				INFOPLIST_KEY_UIMainStoryboardFile = Main;
				INFOPLIST_KEY_UISupportedInterfaceOrientations_iPad = "UIInterfaceOrientationPortrait UIInterfaceOrientationPortraitUpsideDown UIInterfaceOrientationLandscapeLeft UIInterfaceOrientationLandscapeRight";
				INFOPLIST_KEY_UISupportedInterfaceOrientations_iPhone = "UIInterfaceOrientationPortrait UIInterfaceOrientationLandscapeLeft UIInterfaceOrientationLandscapeRight";
				IPHONEOS_DEPLOYMENT_TARGET = 13.0;
				LD_RUNPATH_SEARCH_PATHS = (
					"$(inherited)",
					"@executable_path/Frameworks",
				);
				MARKETING_VERSION = 1.0;
				PRODUCT_BUNDLE_IDENTIFIER = "Banin-Andrey.thefitmoment";
				PRODUCT_NAME = "$(TARGET_NAME)";
				SUPPORTED_PLATFORMS = "iphoneos iphonesimulator";
				SUPPORTS_MACCATALYST = NO;
				SUPPORTS_MAC_DESIGNED_FOR_IPHONE_IPAD = YES;
				SWIFT_EMIT_LOC_STRINGS = YES;
				SWIFT_VERSION = 5.0;
				TARGETED_DEVICE_FAMILY = 1;
			};
			name = Debug;
		};
		9D18A4DE29D4CB3D003998DD /* Release */ = {
			isa = XCBuildConfiguration;
			buildSettings = {
				ASSETCATALOG_COMPILER_APPICON_NAME = AppIcon;
				ASSETCATALOG_COMPILER_GLOBAL_ACCENT_COLOR_NAME = AccentColor;
				CODE_SIGN_STYLE = Automatic;
				CURRENT_PROJECT_VERSION = 1;
				GENERATE_INFOPLIST_FILE = YES;
				INFOPLIST_FILE = thefitmoment/Info.plist;
				INFOPLIST_KEY_CFBundleDisplayName = "The FIT moment";
				INFOPLIST_KEY_LSApplicationCategoryType = "public.app-category.sports";
				INFOPLIST_KEY_UIApplicationSupportsIndirectInputEvents = YES;
				INFOPLIST_KEY_UILaunchStoryboardName = LaunchScreen;
				INFOPLIST_KEY_UIMainStoryboardFile = Main;
				INFOPLIST_KEY_UISupportedInterfaceOrientations_iPad = "UIInterfaceOrientationPortrait UIInterfaceOrientationPortraitUpsideDown UIInterfaceOrientationLandscapeLeft UIInterfaceOrientationLandscapeRight";
				INFOPLIST_KEY_UISupportedInterfaceOrientations_iPhone = "UIInterfaceOrientationPortrait UIInterfaceOrientationLandscapeLeft UIInterfaceOrientationLandscapeRight";
				IPHONEOS_DEPLOYMENT_TARGET = 13.0;
				LD_RUNPATH_SEARCH_PATHS = (
					"$(inherited)",
					"@executable_path/Frameworks",
				);
				MARKETING_VERSION = 1.0;
				PRODUCT_BUNDLE_IDENTIFIER = "Banin-Andrey.thefitmoment";
				PRODUCT_NAME = "$(TARGET_NAME)";
				SUPPORTED_PLATFORMS = "iphoneos iphonesimulator";
				SUPPORTS_MACCATALYST = NO;
				SUPPORTS_MAC_DESIGNED_FOR_IPHONE_IPAD = YES;
				SWIFT_EMIT_LOC_STRINGS = YES;
				SWIFT_VERSION = 5.0;
				TARGETED_DEVICE_FAMILY = 1;
			};
			name = Release;
		};
/* End XCBuildConfiguration section */

/* Begin XCConfigurationList section */
		9D18A4C329D4CB3C003998DD /* Build configuration list for PBXProject "thefitmoment" */ = {
			isa = XCConfigurationList;
			buildConfigurations = (
				9D18A4DA29D4CB3D003998DD /* Debug */,
				9D18A4DB29D4CB3D003998DD /* Release */,
			);
			defaultConfigurationIsVisible = 0;
			defaultConfigurationName = Release;
		};
		9D18A4DC29D4CB3D003998DD /* Build configuration list for PBXNativeTarget "thefitmoment" */ = {
			isa = XCConfigurationList;
			buildConfigurations = (
				9D18A4DD29D4CB3D003998DD /* Debug */,
				9D18A4DE29D4CB3D003998DD /* Release */,
			);
			defaultConfigurationIsVisible = 0;
			defaultConfigurationName = Release;
		};
/* End XCConfigurationList section */

/* Begin XCRemoteSwiftPackageReference section */
		9D18A4E529D4D286003998DD /* XCRemoteSwiftPackageReference "SnapKit" */ = {
			isa = XCRemoteSwiftPackageReference;
			repositoryURL = "https://github.com/SnapKit/SnapKit";
			requirement = {
				kind = upToNextMajorVersion;
				minimumVersion = 5.0.0;
			};
		};
/* End XCRemoteSwiftPackageReference section */

/* Begin XCSwiftPackageProductDependency section */
		9D18A4E629D4D286003998DD /* SnapKit */ = {
			isa = XCSwiftPackageProductDependency;
			package = 9D18A4E529D4D286003998DD /* XCRemoteSwiftPackageReference "SnapKit" */;
			productName = SnapKit;
		};
/* End XCSwiftPackageProductDependency section */
	};
	rootObject = 9D18A4C029D4CB3C003998DD /* Project object */;
}
